
Microsoft Visual Studio Solution File, Format Version 12.00
# Visual Studio Version 16
VisualStudioVersion = 16.0.31313.79
MinimumVisualStudioVersion = 10.0.40219.1
Project("{FAE04EC0-301F-11D3-BF4B-00C04F79EFBC}") = "Cadastro de Series", "Cadastro de Series.csproj", "{D24E564D-D8AC-4F78-BBBC-DBA7223314D6}"
EndProject
Global
	GlobalSection(SolutionConfigurationPlatforms) = preSolution
		Debug|Any CPU = Debug|Any CPU
		Release|Any CPU = Release|Any CPU
	EndGlobalSection
	GlobalSection(ProjectConfigurationPlatforms) = postSolution
		{D24E564D-D8AC-4F78-BBBC-DBA7223314D6}.Debug|Any CPU.ActiveCfg = Debug|Any CPU
		{D24E564D-D8AC-4F78-BBBC-DBA7223314D6}.Debug|Any CPU.Build.0 = Debug|Any CPU
		{D24E564D-D8AC-4F78-BBBC-DBA7223314D6}.Release|Any CPU.ActiveCfg = Release|Any CPU
		{D24E564D-D8AC-4F78-BBBC-DBA7223314D6}.Release|Any CPU.Build.0 = Release|Any CPU
	EndGlobalSection
	GlobalSection(SolutionProperties) = preSolution
		HideSolutionNode = FALSE
	EndGlobalSection
	GlobalSection(ExtensibilityGlobals) = postSolution
		SolutionGuid = {FD2BE3B2-917A-4191-AA62-BF180C6C94F6}
	EndGlobalSection
EndGlobal
